
Microsoft Visual Studio Solution File, Format Version 12.00
Project("{FAE04EC0-301F-11D3-BF4B-00C04F79EFBC}") = "Omniscient.Web", "Omniscient.Web\Omniscient.Web.csproj", "{0A5280DD-8B41-4FF9-9425-D33F79980B91}"
EndProject
Project("{FAE04EC0-301F-11D3-BF4B-00C04F79EFBC}") = "Omniscient.Cleaner", "Omniscient.Cleaner\Omniscient.Cleaner.csproj", "{18CF77BC-DCAC-4C8D-9C25-D0E2A0F55DE1}"
EndProject
Project("{FAE04EC0-301F-11D3-BF4B-00C04F79EFBC}") = "Omniscient.Indexer", "Omniscient.Indexer\Omniscient.Indexer.csproj", "{FB05E75B-7290-48AE-A564-CF4C1CCACBF9}"
EndProject
Project("{FAE04EC0-301F-11D3-BF4B-00C04F79EFBC}") = "Omniscient.RabbitMQClient", "Omniscient.RabbitMQClient\Omniscient.RabbitMQClient.csproj", "{E7BA93A2-F97D-431C-83DF-85FE2AB36DBE}"
EndProject
Project("{FAE04EC0-301F-11D3-BF4B-00C04F79EFBC}") = "Omniscient.ServiceDefaults", "Omniscient.ServiceDefaults\Omniscient.ServiceDefaults.csproj", "{0567B0BB-579F-450D-88CC-BEB79E5CA12C}"
EndProject
Project("{FAE04EC0-301F-11D3-BF4B-00C04F79EFBC}") = "Omniscient.Shared", "Omniscient.Shared\Omniscient.Shared.csproj", "{D1E49606-F51D-4D0B-AF00-4C016A1B1E65}"
EndProject
Global
	GlobalSection(SolutionConfigurationPlatforms) = preSolution
		Debug|Any CPU = Debug|Any CPU
		Release|Any CPU = Release|Any CPU
	EndGlobalSection
	GlobalSection(ProjectConfigurationPlatforms) = postSolution
		{0A5280DD-8B41-4FF9-9425-D33F79980B91}.Debug|Any CPU.ActiveCfg = Debug|Any CPU
		{0A5280DD-8B41-4FF9-9425-D33F79980B91}.Debug|Any CPU.Build.0 = Debug|Any CPU
		{0A5280DD-8B41-4FF9-9425-D33F79980B91}.Release|Any CPU.ActiveCfg = Release|Any CPU
		{0A5280DD-8B41-4FF9-9425-D33F79980B91}.Release|Any CPU.Build.0 = Release|Any CPU
		{18CF77BC-DCAC-4C8D-9C25-D0E2A0F55DE1}.Debug|Any CPU.ActiveCfg = Debug|Any CPU
		{18CF77BC-DCAC-4C8D-9C25-D0E2A0F55DE1}.Debug|Any CPU.Build.0 = Debug|Any CPU
		{18CF77BC-DCAC-4C8D-9C25-D0E2A0F55DE1}.Release|Any CPU.ActiveCfg = Release|Any CPU
		{18CF77BC-DCAC-4C8D-9C25-D0E2A0F55DE1}.Release|Any CPU.Build.0 = Release|Any CPU
		{FB05E75B-7290-48AE-A564-CF4C1CCACBF9}.Debug|Any CPU.ActiveCfg = Debug|Any CPU
		{FB05E75B-7290-48AE-A564-CF4C1CCACBF9}.Debug|Any CPU.Build.0 = Debug|Any CPU
		{FB05E75B-7290-48AE-A564-CF4C1CCACBF9}.Release|Any CPU.ActiveCfg = Release|Any CPU
		{FB05E75B-7290-48AE-A564-CF4C1CCACBF9}.Release|Any CPU.Build.0 = Release|Any CPU
		{E7BA93A2-F97D-431C-83DF-85FE2AB36DBE}.Debug|Any CPU.ActiveCfg = Debug|Any CPU
		{E7BA93A2-F97D-431C-83DF-85FE2AB36DBE}.Debug|Any CPU.Build.0 = Debug|Any CPU
		{E7BA93A2-F97D-431C-83DF-85FE2AB36DBE}.Release|Any CPU.ActiveCfg = Release|Any CPU
		{E7BA93A2-F97D-431C-83DF-85FE2AB36DBE}.Release|Any CPU.Build.0 = Release|Any CPU
		{0567B0BB-579F-450D-88CC-BEB79E5CA12C}.Debug|Any CPU.ActiveCfg = Debug|Any CPU
		{0567B0BB-579F-450D-88CC-BEB79E5CA12C}.Debug|Any CPU.Build.0 = Debug|Any CPU
		{0567B0BB-579F-450D-88CC-BEB79E5CA12C}.Release|Any CPU.ActiveCfg = Release|Any CPU
		{0567B0BB-579F-450D-88CC-BEB79E5CA12C}.Release|Any CPU.Build.0 = Release|Any CPU
		{D1E49606-F51D-4D0B-AF00-4C016A1B1E65}.Debug|Any CPU.ActiveCfg = Debug|Any CPU
		{D1E49606-F51D-4D0B-AF00-4C016A1B1E65}.Debug|Any CPU.Build.0 = Debug|Any CPU
		{D1E49606-F51D-4D0B-AF00-4C016A1B1E65}.Release|Any CPU.ActiveCfg = Release|Any CPU
		{D1E49606-F51D-4D0B-AF00-4C016A1B1E65}.Release|Any CPU.Build.0 = Release|Any CPU
	EndGlobalSection
EndGlobal
